{
  "projects": [
    {
      "projectId": "vQU939GjUi82K5u1iSBKF3",
      "version": "latest",
      "dependencies": {},
      "lang": "ts",
      "fileLocks": [
        {
          "type": "globalVariant",
          "assetId": "i40k2JCs7r",
          "checksum": "f7fd722665966b1df0c307466f46c4c2"
        },
        {
          "type": "globalVariant",
          "assetId": "dtAd5lvYk_",
          "checksum": "b63a733c1e46410f42eefee2a9e7d2e4"
        },
        {
          "type": "renderModule",
          "assetId": "eh95XJ3y5T5T9",
          "checksum": "96ddc851ada30547be8d6d1d73394e7e"
        },
        {
          "type": "cssRules",
          "assetId": "eh95XJ3y5T5T9",
          "checksum": "96ddc851ada30547be8d6d1d73394e7e"
        },
        {
          "type": "renderModule",
          "assetId": "K9QvgezLGC5re",
          "checksum": "b05c45f0fd7634620e0bbcb487b347ea"
        },
        {
          "type": "cssRules",
          "assetId": "K9QvgezLGC5re",
          "checksum": "b05c45f0fd7634620e0bbcb487b347ea"
        },
        {
          "type": "renderModule",
          "assetId": "sE8WQB1xWR",
          "checksum": "838e7ac733b91ae6488c55254c31f17a"
        },
        {
          "type": "cssRules",
          "assetId": "sE8WQB1xWR",
          "checksum": "838e7ac733b91ae6488c55254c31f17a"
        },
        {
          "type": "renderModule",
          "assetId": "6n6tk7S80o",
          "checksum": "f88b8d9fe6981359014e0fda03efb273"
        },
        {
          "type": "cssRules",
          "assetId": "6n6tk7S80o",
          "checksum": "f88b8d9fe6981359014e0fda03efb273"
        },
        {
          "type": "renderModule",
          "assetId": "eWqFv7MHWi",
          "checksum": "dfca6195ddc5059b84d0414b69b402c8"
        },
        {
          "type": "cssRules",
          "assetId": "eWqFv7MHWi",
          "checksum": "dfca6195ddc5059b84d0414b69b402c8"
        },
        {
          "type": "renderModule",
          "assetId": "1jmgeIBpVm",
          "checksum": "336816e00103d632a4c041fe9154d575"
        },
        {
          "type": "cssRules",
          "assetId": "1jmgeIBpVm",
          "checksum": "336816e00103d632a4c041fe9154d575"
        },
        {
          "type": "renderModule",
          "assetId": "QnldjWBrCI",
          "checksum": "ad196a05e64001e37d7de691f8eec1c5"
        },
        {
          "type": "cssRules",
          "assetId": "QnldjWBrCI",
          "checksum": "ad196a05e64001e37d7de691f8eec1c5"
        },
        {
          "type": "renderModule",
          "assetId": "0E1RH0w_jR",
          "checksum": "fa66a90e25f676b4c967f34000924a9f"
        },
        {
          "type": "cssRules",
          "assetId": "0E1RH0w_jR",
          "checksum": "fa66a90e25f676b4c967f34000924a9f"
        },
        {
          "type": "renderModule",
          "assetId": "_5SxwkcgXu",
          "checksum": "f4517f93e39905e253afc59842db7af6"
        },
        {
          "type": "cssRules",
          "assetId": "_5SxwkcgXu",
          "checksum": "f4517f93e39905e253afc59842db7af6"
        },
        {
          "type": "renderModule",
          "assetId": "-pgjNYrnST",
          "checksum": "bfc5e2fc00763f0cc6be9c005f426004"
        },
        {
          "type": "cssRules",
          "assetId": "-pgjNYrnST",
          "checksum": "bfc5e2fc00763f0cc6be9c005f426004"
        },
        {
          "type": "renderModule",
          "assetId": "RDbTl75Xg4",
          "checksum": "5764cd6f58ff9c0d58f0b9c4019136d7"
        },
        {
          "type": "cssRules",
          "assetId": "RDbTl75Xg4",
          "checksum": "5764cd6f58ff9c0d58f0b9c4019136d7"
        },
        {
          "type": "renderModule",
          "assetId": "EIYCxcJrep",
          "checksum": "d7b696e6022a86d4a663a362a872ff6f"
        },
        {
          "type": "cssRules",
          "assetId": "EIYCxcJrep",
          "checksum": "d7b696e6022a86d4a663a362a872ff6f"
        },
        {
          "type": "renderModule",
          "assetId": "yoRVhunlI-d",
          "checksum": "c97c6367d1c3777aef6d997d272761aa"
        },
        {
          "type": "cssRules",
          "assetId": "yoRVhunlI-d",
          "checksum": "c97c6367d1c3777aef6d997d272761aa"
        },
        {
          "type": "renderModule",
          "assetId": "3HWfNZURm7l",
          "checksum": "47d4d816799569c79eed29f880c6ce54"
        },
        {
          "type": "cssRules",
          "assetId": "3HWfNZURm7l",
          "checksum": "47d4d816799569c79eed29f880c6ce54"
        },
        {
          "type": "renderModule",
          "assetId": "dmwcrBXAMAY",
          "checksum": "3919dc39bf5116878ddf9b59fb263ef3"
        },
        {
          "type": "cssRules",
          "assetId": "dmwcrBXAMAY",
          "checksum": "3919dc39bf5116878ddf9b59fb263ef3"
        },
        {
          "type": "renderModule",
          "assetId": "XomSqMHtbQj",
          "checksum": "2ca36f93b90bf28512205533a094f7e7"
        },
        {
          "type": "cssRules",
          "assetId": "XomSqMHtbQj",
          "checksum": "2ca36f93b90bf28512205533a094f7e7"
        },
        {
          "type": "renderModule",
          "assetId": "2So9Rk1rQd8",
          "checksum": "327d13ffeeda0994672e609b056eceea"
        },
        {
          "type": "cssRules",
          "assetId": "2So9Rk1rQd8",
          "checksum": "327d13ffeeda0994672e609b056eceea"
        },
        {
          "type": "renderModule",
          "assetId": "txP424hXELb",
          "checksum": "ccff7e6fe32f440ba11ff1e61c9eed9a"
        },
        {
          "type": "cssRules",
          "assetId": "txP424hXELb",
          "checksum": "ccff7e6fe32f440ba11ff1e61c9eed9a"
        },
        {
          "type": "renderModule",
          "assetId": "9olutGEh6q",
          "checksum": "9378b49f3da5bb179bd6a3d655d3fc3d"
        },
        {
          "type": "cssRules",
          "assetId": "9olutGEh6q",
          "checksum": "9378b49f3da5bb179bd6a3d655d3fc3d"
        },
        {
          "type": "renderModule",
          "assetId": "06awOUIVXL",
          "checksum": "fd21cd60f8d65a4013d7b62f1a2396db"
        },
        {
          "type": "cssRules",
          "assetId": "06awOUIVXL",
          "checksum": "fd21cd60f8d65a4013d7b62f1a2396db"
        },
        {
          "type": "renderModule",
          "assetId": "puPU6pgA-z",
          "checksum": "5b071887b701d996d7fd03fcd3f162bd"
        },
        {
          "type": "cssRules",
          "assetId": "puPU6pgA-z",
          "checksum": "5b071887b701d996d7fd03fcd3f162bd"
        },
        {
          "type": "renderModule",
          "assetId": "exv2JUik8JK",
          "checksum": "ebde721195308a4fcf49b216597ab3dd"
        },
        {
          "type": "cssRules",
          "assetId": "exv2JUik8JK",
          "checksum": "ebde721195308a4fcf49b216597ab3dd"
        },
        {
          "type": "image",
          "assetId": "KlYc0eD8Tz8qV",
          "checksum": "193bb2bb4a84dcab31883d104ad4dc15"
        },
        {
          "type": "image",
          "assetId": "ppxYH2f3h",
          "checksum": "83b031486cb012c7c4721756b21c146d"
        },
        {
          "type": "renderModule",
          "assetId": "tm5vSvyu3h",
          "checksum": "0fec8be2f1a280f308b564733e14721c"
        },
        {
          "type": "cssRules",
          "assetId": "tm5vSvyu3h",
          "checksum": "0fec8be2f1a280f308b564733e14721c"
        },
        {
          "type": "renderModule",
          "assetId": "wzrzdQ0JQ7",
          "checksum": "48ffb74f74727bb9641899c5b30e7511"
        },
        {
          "type": "cssRules",
          "assetId": "wzrzdQ0JQ7",
          "checksum": "48ffb74f74727bb9641899c5b30e7511"
        },
        {
          "type": "renderModule",
          "assetId": "RpSPfHBhcc",
          "checksum": "50440db18a708b55976351ab27d206d4"
        },
        {
          "type": "cssRules",
          "assetId": "RpSPfHBhcc",
          "checksum": "50440db18a708b55976351ab27d206d4"
        },
        {
          "assetId": "vQU939GjUi82K5u1iSBKF3",
          "type": "projectCss",
          "checksum": "2a39789863b3d5d88d2ca294da25d709"
        },
        {
          "type": "icon",
          "assetId": "x0_EBXfLQg7MA",
          "checksum": "979937e6880f42d22ece9c808ddcd7a5"
        },
        {
          "type": "icon",
          "assetId": "aQwNVAvIoHl",
          "checksum": "1c80743ba34b5ab22cfa8f8f074e5732"
        },
        {
          "type": "icon",
          "assetId": "66VWCPv-g18",
          "checksum": "5c6e04c34f7076a4a9bde7da556dcd6d"
        },
        {
          "type": "icon",
          "assetId": "1z3p3b8hYQZ",
          "checksum": "9337f162a63670115d0cee487214b3e3"
        },
        {
          "type": "icon",
          "assetId": "TLp6Cr14LvU",
          "checksum": "dcb0e60146932d5790456310248ea63f"
        },
        {
          "type": "icon",
          "assetId": "WBwh6SdVOZ",
          "checksum": "baab80f0ff8c94f9e4f65e29b0516c25"
        },
        {
          "type": "icon",
          "assetId": "3oRmKwC1Tg",
          "checksum": "93a221fcfa8e03e79cb639e95325131e"
        }
      ]
    }
  ],
  "cliVersion": "0.1.157"
}
