{
  "projects": [
    {
      "projectId": "vQU939GjUi82K5u1iSBKF3",
      "version": "latest",
      "dependencies": {},
      "lang": "ts",
      "fileLocks": [
        {
          "type": "globalVariant",
          "assetId": "i40k2JCs7r",
          "checksum": "f7fd722665966b1df0c307466f46c4c2"
        },
        {
          "type": "globalVariant",
          "assetId": "dtAd5lvYk_",
          "checksum": "b63a733c1e46410f42eefee2a9e7d2e4"
        },
        {
          "type": "renderModule",
          "assetId": "eh95XJ3y5T5T9",
          "checksum": "c5ece72cfb772cc07f85ed7b8c1e5baa"
        },
        {
          "type": "cssRules",
          "assetId": "eh95XJ3y5T5T9",
          "checksum": "c5ece72cfb772cc07f85ed7b8c1e5baa"
        },
        {
          "type": "renderModule",
          "assetId": "K9QvgezLGC5re",
          "checksum": "b05c45f0fd7634620e0bbcb487b347ea"
        },
        {
          "type": "cssRules",
          "assetId": "K9QvgezLGC5re",
          "checksum": "b05c45f0fd7634620e0bbcb487b347ea"
        },
        {
          "type": "renderModule",
          "assetId": "sE8WQB1xWR",
          "checksum": "017c8d4f00a56a3c55a28b7f85b05013"
        },
        {
          "type": "cssRules",
          "assetId": "sE8WQB1xWR",
          "checksum": "017c8d4f00a56a3c55a28b7f85b05013"
        },
        {
          "type": "renderModule",
          "assetId": "6n6tk7S80o",
          "checksum": "a0bed70de3c7bd0d5f9d60fdfbb1bfe6"
        },
        {
          "type": "cssRules",
          "assetId": "6n6tk7S80o",
          "checksum": "a0bed70de3c7bd0d5f9d60fdfbb1bfe6"
        },
        {
          "type": "renderModule",
          "assetId": "eWqFv7MHWi",
          "checksum": "b3f6f65d9f0ab373b171bc84e094a713"
        },
        {
          "type": "cssRules",
          "assetId": "eWqFv7MHWi",
          "checksum": "b3f6f65d9f0ab373b171bc84e094a713"
        },
        {
          "type": "renderModule",
          "assetId": "1jmgeIBpVm",
          "checksum": "336816e00103d632a4c041fe9154d575"
        },
        {
          "type": "cssRules",
          "assetId": "1jmgeIBpVm",
          "checksum": "336816e00103d632a4c041fe9154d575"
        },
        {
          "type": "renderModule",
          "assetId": "QnldjWBrCI",
          "checksum": "00df9e62b4ce7ac5ba1d3b2d519dce41"
        },
        {
          "type": "cssRules",
          "assetId": "QnldjWBrCI",
          "checksum": "00df9e62b4ce7ac5ba1d3b2d519dce41"
        },
        {
          "type": "renderModule",
          "assetId": "0E1RH0w_jR",
          "checksum": "fa66a90e25f676b4c967f34000924a9f"
        },
        {
          "type": "cssRules",
          "assetId": "0E1RH0w_jR",
          "checksum": "fa66a90e25f676b4c967f34000924a9f"
        },
        {
          "type": "renderModule",
          "assetId": "_5SxwkcgXu",
          "checksum": "0508c0a6bcee8959586801f5f5352b61"
        },
        {
          "type": "cssRules",
          "assetId": "_5SxwkcgXu",
          "checksum": "0508c0a6bcee8959586801f5f5352b61"
        },
        {
          "type": "renderModule",
          "assetId": "-pgjNYrnST",
          "checksum": "76e02c9f8809652888baca4a43e941b1"
        },
        {
          "type": "cssRules",
          "assetId": "-pgjNYrnST",
          "checksum": "76e02c9f8809652888baca4a43e941b1"
        },
        {
          "type": "renderModule",
          "assetId": "RDbTl75Xg4",
          "checksum": "0560a0906f4173b965cda25b3e64f5d4"
        },
        {
          "type": "cssRules",
          "assetId": "RDbTl75Xg4",
          "checksum": "0560a0906f4173b965cda25b3e64f5d4"
        },
        {
          "type": "renderModule",
          "assetId": "EIYCxcJrep",
          "checksum": "d7b696e6022a86d4a663a362a872ff6f"
        },
        {
          "type": "cssRules",
          "assetId": "EIYCxcJrep",
          "checksum": "d7b696e6022a86d4a663a362a872ff6f"
        },
        {
          "type": "renderModule",
          "assetId": "yoRVhunlI-d",
          "checksum": "477316ecef476c73b667393d5ec6cc0b"
        },
        {
          "type": "cssRules",
          "assetId": "yoRVhunlI-d",
          "checksum": "477316ecef476c73b667393d5ec6cc0b"
        },
        {
          "type": "renderModule",
          "assetId": "3HWfNZURm7l",
          "checksum": "3640a666edf9735bfd572447c3797c3f"
        },
        {
          "type": "cssRules",
          "assetId": "3HWfNZURm7l",
          "checksum": "3640a666edf9735bfd572447c3797c3f"
        },
        {
          "type": "renderModule",
          "assetId": "dmwcrBXAMAY",
          "checksum": "816f593588e673c03568c80d840807c7"
        },
        {
          "type": "cssRules",
          "assetId": "dmwcrBXAMAY",
          "checksum": "816f593588e673c03568c80d840807c7"
        },
        {
          "type": "renderModule",
          "assetId": "XomSqMHtbQj",
          "checksum": "954109643eb453235bfcd3a2db161f7a"
        },
        {
          "type": "cssRules",
          "assetId": "XomSqMHtbQj",
          "checksum": "954109643eb453235bfcd3a2db161f7a"
        },
        {
          "type": "renderModule",
          "assetId": "2So9Rk1rQd8",
          "checksum": "327d13ffeeda0994672e609b056eceea"
        },
        {
          "type": "cssRules",
          "assetId": "2So9Rk1rQd8",
          "checksum": "327d13ffeeda0994672e609b056eceea"
        },
        {
          "type": "renderModule",
          "assetId": "txP424hXELb",
          "checksum": "59dbd5c5938cc16e529c46adad7b48b4"
        },
        {
          "type": "cssRules",
          "assetId": "txP424hXELb",
          "checksum": "59dbd5c5938cc16e529c46adad7b48b4"
        },
        {
          "type": "renderModule",
          "assetId": "9olutGEh6q",
          "checksum": "17e05ebd8b22a0362cf6e5dbdffaec90"
        },
        {
          "type": "cssRules",
          "assetId": "9olutGEh6q",
          "checksum": "17e05ebd8b22a0362cf6e5dbdffaec90"
        },
        {
          "type": "renderModule",
          "assetId": "06awOUIVXL",
          "checksum": "fd21cd60f8d65a4013d7b62f1a2396db"
        },
        {
          "type": "cssRules",
          "assetId": "06awOUIVXL",
          "checksum": "fd21cd60f8d65a4013d7b62f1a2396db"
        },
        {
          "type": "renderModule",
          "assetId": "puPU6pgA-z",
          "checksum": "5b071887b701d996d7fd03fcd3f162bd"
        },
        {
          "type": "cssRules",
          "assetId": "puPU6pgA-z",
          "checksum": "5b071887b701d996d7fd03fcd3f162bd"
        },
        {
          "type": "renderModule",
          "assetId": "exv2JUik8JK",
          "checksum": "ebde721195308a4fcf49b216597ab3dd"
        },
        {
          "type": "cssRules",
          "assetId": "exv2JUik8JK",
          "checksum": "ebde721195308a4fcf49b216597ab3dd"
        },
        {
          "type": "image",
          "assetId": "KlYc0eD8Tz8qV",
          "checksum": "193bb2bb4a84dcab31883d104ad4dc15"
        },
        {
          "type": "image",
          "assetId": "ppxYH2f3h",
          "checksum": "83b031486cb012c7c4721756b21c146d"
        },
        {
          "type": "renderModule",
          "assetId": "tm5vSvyu3h",
          "checksum": "0fec8be2f1a280f308b564733e14721c"
        },
        {
          "type": "cssRules",
          "assetId": "tm5vSvyu3h",
          "checksum": "0fec8be2f1a280f308b564733e14721c"
        },
        {
          "type": "renderModule",
          "assetId": "wzrzdQ0JQ7",
          "checksum": "ed3eb7375658862f1a1067dd179e061b"
        },
        {
          "type": "cssRules",
          "assetId": "wzrzdQ0JQ7",
          "checksum": "ed3eb7375658862f1a1067dd179e061b"
        },
        {
          "type": "renderModule",
          "assetId": "RpSPfHBhcc",
          "checksum": "50440db18a708b55976351ab27d206d4"
        },
        {
          "type": "cssRules",
          "assetId": "RpSPfHBhcc",
          "checksum": "50440db18a708b55976351ab27d206d4"
        },
        {
          "type": "renderModule",
          "assetId": "PlxKiMP25T",
          "checksum": "2a17d421362af9a49b4bcc6dfb281733"
        },
        {
          "type": "cssRules",
          "assetId": "PlxKiMP25T",
          "checksum": "2a17d421362af9a49b4bcc6dfb281733"
        },
        {
          "type": "renderModule",
          "assetId": "tbP0Pl_WIe",
          "checksum": "f0264e876241470887482df41836e3c9"
        },
        {
          "type": "cssRules",
          "assetId": "tbP0Pl_WIe",
          "checksum": "f0264e876241470887482df41836e3c9"
        },
        {
          "type": "renderModule",
          "assetId": "9Of3WWIskv",
          "checksum": "b6263a13d4bf59bd94a0678facf9115a"
        },
        {
          "type": "cssRules",
          "assetId": "9Of3WWIskv",
          "checksum": "b6263a13d4bf59bd94a0678facf9115a"
        },
        {
          "assetId": "vQU939GjUi82K5u1iSBKF3",
          "type": "projectCss",
          "checksum": "2a39789863b3d5d88d2ca294da25d709"
        },
        {
          "type": "icon",
          "assetId": "x0_EBXfLQg7MA",
          "checksum": "979937e6880f42d22ece9c808ddcd7a5"
        },
        {
          "type": "icon",
          "assetId": "aQwNVAvIoHl",
          "checksum": "1c80743ba34b5ab22cfa8f8f074e5732"
        },
        {
          "type": "icon",
          "assetId": "66VWCPv-g18",
          "checksum": "5c6e04c34f7076a4a9bde7da556dcd6d"
        },
        {
          "type": "icon",
          "assetId": "1z3p3b8hYQZ",
          "checksum": "9337f162a63670115d0cee487214b3e3"
        },
        {
          "type": "icon",
          "assetId": "TLp6Cr14LvU",
          "checksum": "dcb0e60146932d5790456310248ea63f"
        },
        {
          "type": "icon",
          "assetId": "WBwh6SdVOZ",
          "checksum": "baab80f0ff8c94f9e4f65e29b0516c25"
        },
        {
          "type": "icon",
          "assetId": "3oRmKwC1Tg",
          "checksum": "93a221fcfa8e03e79cb639e95325131e"
        }
      ]
    }
  ],
  "cliVersion": "0.1.157"
}
